
Microsoft Visual Studio Solution File, Format Version 12.00
Project("{FAE04EC0-301F-11D3-BF4B-00C04F79EFBC}") = "PSD2PNG", "PSD2PNG.csproj", "{9145C3B9-68B5-4D12-B85F-3E9384DB4CC3}"
EndProject
Global
	GlobalSection(SolutionConfigurationPlatforms) = preSolution
		Debug|Any CPU = Debug|Any CPU
		Release|Any CPU = Release|Any CPU
	EndGlobalSection
	GlobalSection(ProjectConfigurationPlatforms) = postSolution
		{9145C3B9-68B5-4D12-B85F-3E9384DB4CC3}.Debug|Any CPU.ActiveCfg = Debug|Any CPU
		{9145C3B9-68B5-4D12-B85F-3E9384DB4CC3}.Debug|Any CPU.Build.0 = Debug|Any CPU
		{9145C3B9-68B5-4D12-B85F-3E9384DB4CC3}.Release|Any CPU.ActiveCfg = Release|Any CPU
		{9145C3B9-68B5-4D12-B85F-3E9384DB4CC3}.Release|Any CPU.Build.0 = Release|Any CPU
	EndGlobalSection
EndGlobal
